// !$*UTF8*$!
{
	archiveVersion = 1;
	classes = {
	};
	objectVersion = 50;
	objects = {

/* Begin PBXBuildFile section */
		C89DF97A248507EA00AE65D9 /* AppDelegate.swift in Sources */ = {isa = PBXBuildFile; fileRef = C89DF979248507EA00AE65D9 /* AppDelegate.swift */; };
		C89DF97C248507EA00AE65D9 /* SceneDelegate.swift in Sources */ = {isa = PBXBuildFile; fileRef = C89DF97B248507EA00AE65D9 /* SceneDelegate.swift */; };
		C89DF97E248507EA00AE65D9 /* ViewController.swift in Sources */ = {isa = PBXBuildFile; fileRef = C89DF97D248507EA00AE65D9 /* ViewController.swift */; };
		C89DF981248507EA00AE65D9 /* Main.storyboard in Resources */ = {isa = PBXBuildFile; fileRef = C89DF97F248507EA00AE65D9 /* Main.storyboard */; };
		C89DF983248507EC00AE65D9 /* Assets.xcassets in Resources */ = {isa = PBXBuildFile; fileRef = C89DF982248507EC00AE65D9 /* Assets.xcassets */; };
		C89DF986248507EC00AE65D9 /* LaunchScreen.storyboard in Resources */ = {isa = PBXBuildFile; fileRef = C89DF984248507EC00AE65D9 /* LaunchScreen.storyboard */; };
/* End PBXBuildFile section */

/* Begin PBXFileReference section */
		C89DF976248507EA00AE65D9 /* Homework31_ARC.app */ = {isa = PBXFileReference; explicitFileType = wrapper.application; includeInIndex = 0; path = Homework31_ARC.app; sourceTree = BUILT_PRODUCTS_DIR; };
		C89DF979248507EA00AE65D9 /* AppDelegate.swift */ = {isa = PBXFileReference; lastKnownFileType = sourcecode.swift; path = AppDelegate.swift; sourceTree = "<group>"; };
		C89DF97B248507EA00AE65D9 /* SceneDelegate.swift */ = {isa = PBXFileReference; lastKnownFileType = sourcecode.swift; path = SceneDelegate.swift; sourceTree = "<group>"; };
		C89DF97D248507EA00AE65D9 /* ViewController.swift */ = {isa = PBXFileReference; lastKnownFileType = sourcecode.swift; path = ViewController.swift; sourceTree = "<group>"; };
		C89DF980248507EA00AE65D9 /* Base */ = {isa = PBXFileReference; lastKnownFileType = file.storyboard; name = Base; path = Base.lproj/Main.storyboard; sourceTree = "<group>"; };
		C89DF982248507EC00AE65D9 /* Assets.xcassets */ = {isa = PBXFileReference; lastKnownFileType = folder.assetcatalog; path = Assets.xcassets; sourceTree = "<group>"; };
		C89DF985248507EC00AE65D9 /* Base */ = {isa = PBXFileReference; lastKnownFileType = file.storyboard; name = Base; path = Base.lproj/LaunchScreen.storyboard; sourceTree = "<group>"; };
		C89DF987248507EC00AE65D9 /* Info.plist */ = {isa = PBXFileReference; lastKnownFileType = text.plist.xml; path = Info.plist; sourceTree = "<group>"; };
/* End PBXFileReference section */

/* Begin PBXFrameworksBuildPhase section */
		C89DF973248507EA00AE65D9 /* Frameworks */ = {
			isa = PBXFrameworksBuildPhase;
			buildActionMask = 2147483647;
			files = (
			);
			runOnlyForDeploymentPostprocessing = 0;
		};
/* End PBXFrameworksBuildPhase section */

/* Begin PBXGroup section */
		C89DF96D248507EA00AE65D9 = {
			isa = PBXGroup;
			children = (
				C89DF978248507EA00AE65D9 /* Homework31_ARC */,
				C89DF977248507EA00AE65D9 /* Products */,
			);
			sourceTree = "<group>";
		};
		C89DF977248507EA00AE65D9 /* Products */ = {
			isa = PBXGroup;
			children = (
				C89DF976248507EA00AE65D9 /* Homework31_ARC.app */,
			);
			name = Products;
			sourceTree = "<group>";
		};
		C89DF978248507EA00AE65D9 /* Homework31_ARC */ = {
			isa = PBXGroup;
			children = (
				C89DF979248507EA00AE65D9 /* AppDelegate.swift */,
				C89DF97B248507EA00AE65D9 /* SceneDelegate.swift */,
				C89DF97D248507EA00AE65D9 /* ViewController.swift */,
				C89DF97F248507EA00AE65D9 /* Main.storyboard */,
				C89DF982248507EC00AE65D9 /* Assets.xcassets */,
				C89DF984248507EC00AE65D9 /* LaunchScreen.storyboard */,
				C89DF987248507EC00AE65D9 /* Info.plist */,
			);
			path = Homework31_ARC;
			sourceTree = "<group>";
		};
/* End PBXGroup section */

/* Begin PBXNativeTarget section */
		C89DF975248507EA00AE65D9 /* Homework31_ARC */ = {
			isa = PBXNativeTarget;
			buildConfigurationList = C89DF98A248507EC00AE65D9 /* Build configuration list for PBXNativeTarget "Homework31_ARC" */;
			buildPhases = (
				C89DF972248507EA00AE65D9 /* Sources */,
				C89DF973248507EA00AE65D9 /* Frameworks */,
				C89DF974248507EA00AE65D9 /* Resources */,
			);
			buildRules = (
			);
			dependencies = (
			);
			name = Homework31_ARC;
			productName = Homework31_ARC;
			productReference = C89DF976248507EA00AE65D9 /* Homework31_ARC.app */;
			productType = "com.apple.product-type.application";
		};
/* End PBXNativeTarget section */

/* Begin PBXProject section */
		C89DF96E248507EA00AE65D9 /* Project object */ = {
			isa = PBXProject;
			attributes = {
				LastSwiftUpdateCheck = 1150;
				LastUpgradeCheck = 1150;
				ORGANIZATIONNAME = "George Digmelashvili";
				TargetAttributes = {
					C89DF975248507EA00AE65D9 = {
						CreatedOnToolsVersion = 11.5;
					};
				};
			};
			buildConfigurationList = C89DF971248507EA00AE65D9 /* Build configuration list for PBXProject "Homework31_ARC" */;
			compatibilityVersion = "Xcode 9.3";
			developmentRegion = en;
			hasScannedForEncodings = 0;
			knownRegions = (
				en,
				Base,
			);
			mainGroup = C89DF96D248507EA00AE65D9;
			productRefGroup = C89DF977248507EA00AE65D9 /* Products */;
			projectDirPath = "";
			projectRoot = "";
			targets = (
				C89DF975248507EA00AE65D9 /* Homework31_ARC */,
			);
		};
/* End PBXProject section */

/* Begin PBXResourcesBuildPhase section */
		C89DF974248507EA00AE65D9 /* Resources */ = {
			isa = PBXResourcesBuildPhase;
			buildActionMask = 2147483647;
			files = (
				C89DF986248507EC00AE65D9 /* LaunchScreen.storyboard in Resources */,
				C89DF983248507EC00AE65D9 /* Assets.xcassets in Resources */,
				C89DF981248507EA00AE65D9 /* Main.storyboard in Resources */,
			);
			runOnlyForDeploymentPostprocessing = 0;
		};
/* End PBXResourcesBuildPhase section */

/* Begin PBXSourcesBuildPhase section */
		C89DF972248507EA00AE65D9 /* Sources */ = {
			isa = PBXSourcesBuildPhase;
			buildActionMask = 2147483647;
			files = (
				C89DF97E248507EA00AE65D9 /* ViewController.swift in Sources */,
				C89DF97A248507EA00AE65D9 /* AppDelegate.swift in Sources */,
				C89DF97C248507EA00AE65D9 /* SceneDelegate.swift in Sources */,
			);
			runOnlyForDeploymentPostprocessing = 0;
		};
/* End PBXSourcesBuildPhase section */

/* Begin PBXVariantGroup section */
		C89DF97F248507EA00AE65D9 /* Main.storyboard */ = {
			isa = PBXVariantGroup;
			children = (
				C89DF980248507EA00AE65D9 /* Base */,
			);
			name = Main.storyboard;
			sourceTree = "<group>";
		};
		C89DF984248507EC00AE65D9 /* LaunchScreen.storyboard */ = {
			isa = PBXVariantGroup;
			children = (
				C89DF985248507EC00AE65D9 /* Base */,
			);
			name = LaunchScreen.storyboard;
			sourceTree = "<group>";
		};
/* End PBXVariantGroup section */

/* Begin XCBuildConfiguration section */
		C89DF988248507EC00AE65D9 /* Debug */ = {
			isa = XCBuildConfiguration;
			buildSettings = {
				ALWAYS_SEARCH_USER_PATHS = NO;
				CLANG_ANALYZER_NONNULL = YES;
				CLANG_ANALYZER_NUMBER_OBJECT_CONVERSION = YES_AGGRESSIVE;
				CLANG_CXX_LANGUAGE_STANDARD = "gnu++14";
				CLANG_CXX_LIBRARY = "libc++";
				CLANG_ENABLE_MODULES = YES;
				CLANG_ENABLE_OBJC_ARC = YES;
				CLANG_ENABLE_OBJC_WEAK = YES;
				CLANG_WARN_BLOCK_CAPTURE_AUTORELEASING = YES;
				CLANG_WARN_BOOL_CONVERSION = YES;
				CLANG_WARN_COMMA = YES;
				CLANG_WARN_CONSTANT_CONVERSION = YES;
				CLANG_WARN_DEPRECATED_OBJC_IMPLEMENTATIONS = YES;
				CLANG_WARN_DIRECT_OBJC_ISA_USAGE = YES_ERROR;
				CLANG_WARN_DOCUMENTATION_COMMENTS = YES;
				CLANG_WARN_EMPTY_BODY = YES;
				CLANG_WARN_ENUM_CONVERSION = YES;
				CLANG_WARN_INFINITE_RECURSION = YES;
				CLANG_WARN_INT_CONVERSION = YES;
				CLANG_WARN_NON_LITERAL_NULL_CONVERSION = YES;
				CLANG_WARN_OBJC_IMPLICIT_RETAIN_SELF = YES;
				CLANG_WARN_OBJC_LITERAL_CONVERSION = YES;
				CLANG_WARN_OBJC_ROOT_CLASS = YES_ERROR;
				CLANG_WARN_RANGE_LOOP_ANALYSIS = YES;
				CLANG_WARN_STRICT_PROTOTYPES = YES;
				CLANG_WARN_SUSPICIOUS_MOVE = YES;
				CLANG_WARN_UNGUARDED_AVAILABILITY = YES_AGGRESSIVE;
				CLANG_WARN_UNREACHABLE_CODE = YES;
				CLANG_WARN__DUPLICATE_METHOD_MATCH = YES;
				COPY_PHASE_STRIP = NO;
				DEBUG_INFORMATION_FORMAT = dwarf;
				ENABLE_STRICT_OBJC_MSGSEND = YES;
				ENABLE_TESTABILITY = YES;
				GCC_C_LANGUAGE_STANDARD = gnu11;
				GCC_DYNAMIC_NO_PIC = NO;
				GCC_NO_COMMON_BLOCKS = YES;
				GCC_OPTIMIZATION_LEVEL = 0;
				GCC_PREPROCESSOR_DEFINITIONS = (
					"DEBUG=1",
					"$(inherited)",
				);
				GCC_WARN_64_TO_32_BIT_CONVERSION = YES;
				GCC_WARN_ABOUT_RETURN_TYPE = YES_ERROR;
				GCC_WARN_UNDECLARED_SELECTOR = YES;
				GCC_WARN_UNINITIALIZED_AUTOS = YES_AGGRESSIVE;
				GCC_WARN_UNUSED_FUNCTION = YES;
				GCC_WARN_UNUSED_VARIABLE = YES;
				IPHONEOS_DEPLOYMENT_TARGET = 13.5;
				MTL_ENABLE_DEBUG_INFO = INCLUDE_SOURCE;
				MTL_FAST_MATH = YES;
				ONLY_ACTIVE_ARCH = YES;
				SDKROOT = iphoneos;
				SWIFT_ACTIVE_COMPILATION_CONDITIONS = DEBUG;
				SWIFT_OPTIMIZATION_LEVEL = "-Onone";
			};
			name = Debug;
		};
		C89DF989248507EC00AE65D9 /* Release */ = {
			isa = XCBuildConfiguration;
			buildSettings = {
				ALWAYS_SEARCH_USER_PATHS = NO;
				CLANG_ANALYZER_NONNULL = YES;
				CLANG_ANALYZER_NUMBER_OBJECT_CONVERSION = YES_AGGRESSIVE;
				CLANG_CXX_LANGUAGE_STANDARD = "gnu++14";
				CLANG_CXX_LIBRARY = "libc++";
				CLANG_ENABLE_MODULES = YES;
				CLANG_ENABLE_OBJC_ARC = YES;
				CLANG_ENABLE_OBJC_WEAK = YES;
				CLANG_WARN_BLOCK_CAPTURE_AUTORELEASING = YES;
				CLANG_WARN_BOOL_CONVERSION = YES;
				CLANG_WARN_COMMA = YES;
				CLANG_WARN_CONSTANT_CONVERSION = YES;
				CLANG_WARN_DEPRECATED_OBJC_IMPLEMENTATIONS = YES;
				CLANG_WARN_DIRECT_OBJC_ISA_USAGE = YES_ERROR;
				CLANG_WARN_DOCUMENTATION_COMMENTS = YES;
				CLANG_WARN_EMPTY_BODY = YES;
				CLANG_WARN_ENUM_CONVERSION = YES;
				CLANG_WARN_INFINITE_RECURSION = YES;
				CLANG_WARN_INT_CONVERSION = YES;
				CLANG_WARN_NON_LITERAL_NULL_CONVERSION = YES;
				CLANG_WARN_OBJC_IMPLICIT_RETAIN_SELF = YES;
				CLANG_WARN_OBJC_LITERAL_CONVERSION = YES;
				CLANG_WARN_OBJC_ROOT_CLASS = YES_ERROR;
				CLANG_WARN_RANGE_LOOP_ANALYSIS = YES;
				CLANG_WARN_STRICT_PROTOTYPES = YES;
				CLANG_WARN_SUSPICIOUS_MOVE = YES;
				CLANG_WARN_UNGUARDED_AVAILABILITY = YES_AGGRESSIVE;
				CLANG_WARN_UNREACHABLE_CODE = YES;
				CLANG_WARN__DUPLICATE_METHOD_MATCH = YES;
				COPY_PHASE_STRIP = NO;
				DEBUG_INFORMATION_FORMAT = "dwarf-with-dsym";
				ENABLE_NS_ASSERTIONS = NO;
				ENABLE_STRICT_OBJC_MSGSEND = YES;
				GCC_C_LANGUAGE_STANDARD = gnu11;
				GCC_NO_COMMON_BLOCKS = YES;
				GCC_WARN_64_TO_32_BIT_CONVERSION = YES;
				GCC_WARN_ABOUT_RETURN_TYPE = YES_ERROR;
				GCC_WARN_UNDECLARED_SELECTOR = YES;
				GCC_WARN_UNINITIALIZED_AUTOS = YES_AGGRESSIVE;
				GCC_WARN_UNUSED_FUNCTION = YES;
				GCC_WARN_UNUSED_VARIABLE = YES;
				IPHONEOS_DEPLOYMENT_TARGET = 13.5;
				MTL_ENABLE_DEBUG_INFO = NO;
				MTL_FAST_MATH = YES;
				SDKROOT = iphoneos;
				SWIFT_COMPILATION_MODE = wholemodule;
				SWIFT_OPTIMIZATION_LEVEL = "-O";
				VALIDATE_PRODUCT = YES;
			};
			name = Release;
		};
		C89DF98B248507EC00AE65D9 /* Debug */ = {
			isa = XCBuildConfiguration;
			buildSettings = {
				ASSETCATALOG_COMPILER_APPICON_NAME = AppIcon;
				CODE_SIGN_STYLE = Automatic;
				INFOPLIST_FILE = Homework31_ARC/Info.plist;
				LD_RUNPATH_SEARCH_PATHS = (
					"$(inherited)",
					"@executable_path/Frameworks",
				);
				PRODUCT_BUNDLE_IDENTIFIER = "TBC.Homework31-ARC";
				PRODUCT_NAME = "$(TARGET_NAME)";
				SWIFT_VERSION = 5.0;
				TARGETED_DEVICE_FAMILY = 1;
			};
			name = Debug;
		};
		C89DF98C248507EC00AE65D9 /* Release */ = {
			isa = XCBuildConfiguration;
			buildSettings = {
				ASSETCATALOG_COMPILER_APPICON_NAME = AppIcon;
				CODE_SIGN_STYLE = Automatic;
				INFOPLIST_FILE = Homework31_ARC/Info.plist;
				LD_RUNPATH_SEARCH_PATHS = (
					"$(inherited)",
					"@executable_path/Frameworks",
				);
				PRODUCT_BUNDLE_IDENTIFIER = "TBC.Homework31-ARC";
				PRODUCT_NAME = "$(TARGET_NAME)";
				SWIFT_VERSION = 5.0;
				TARGETED_DEVICE_FAMILY = 1;
			};
			name = Release;
		};
/* End XCBuildConfiguration section */

/* Begin XCConfigurationList section */
		C89DF971248507EA00AE65D9 /* Build configuration list for PBXProject "Homework31_ARC" */ = {
			isa = XCConfigurationList;
			buildConfigurations = (
				C89DF988248507EC00AE65D9 /* Debug */,
				C89DF989248507EC00AE65D9 /* Release */,
			);
			defaultConfigurationIsVisible = 0;
			defaultConfigurationName = Release;
		};
		C89DF98A248507EC00AE65D9 /* Build configuration list for PBXNativeTarget "Homework31_ARC" */ = {
			isa = XCConfigurationList;
			buildConfigurations = (
				C89DF98B248507EC00AE65D9 /* Debug */,
				C89DF98C248507EC00AE65D9 /* Release */,
			);
			defaultConfigurationIsVisible = 0;
			defaultConfigurationName = Release;
		};
/* End XCConfigurationList section */
	};
	rootObject = C89DF96E248507EA00AE65D9 /* Project object */;
}
