// !$*UTF8*$!
{
	archiveVersion = 1;
	classes = {
	};
	objectVersion = 50;
	objects = {

/* Begin PBXBuildFile section */
		C8C94D6C247BD01A00B8CC85 /* AppDelegate.swift in Sources */ = {isa = PBXBuildFile; fileRef = C8C94D6B247BD01A00B8CC85 /* AppDelegate.swift */; };
		C8C94D6E247BD01A00B8CC85 /* SceneDelegate.swift in Sources */ = {isa = PBXBuildFile; fileRef = C8C94D6D247BD01A00B8CC85 /* SceneDelegate.swift */; };
		C8C94D70247BD01A00B8CC85 /* ViewController.swift in Sources */ = {isa = PBXBuildFile; fileRef = C8C94D6F247BD01A00B8CC85 /* ViewController.swift */; };
		C8C94D73247BD01A00B8CC85 /* Main.storyboard in Resources */ = {isa = PBXBuildFile; fileRef = C8C94D71247BD01A00B8CC85 /* Main.storyboard */; };
		C8C94D75247BD01C00B8CC85 /* Assets.xcassets in Resources */ = {isa = PBXBuildFile; fileRef = C8C94D74247BD01C00B8CC85 /* Assets.xcassets */; };
		C8C94D78247BD01C00B8CC85 /* LaunchScreen.storyboard in Resources */ = {isa = PBXBuildFile; fileRef = C8C94D76247BD01C00B8CC85 /* LaunchScreen.storyboard */; };
/* End PBXBuildFile section */

/* Begin PBXFileReference section */
		C8C94D68247BD01A00B8CC85 /* Homework27.app */ = {isa = PBXFileReference; explicitFileType = wrapper.application; includeInIndex = 0; path = Homework27.app; sourceTree = BUILT_PRODUCTS_DIR; };
		C8C94D6B247BD01A00B8CC85 /* AppDelegate.swift */ = {isa = PBXFileReference; lastKnownFileType = sourcecode.swift; path = AppDelegate.swift; sourceTree = "<group>"; };
		C8C94D6D247BD01A00B8CC85 /* SceneDelegate.swift */ = {isa = PBXFileReference; lastKnownFileType = sourcecode.swift; path = SceneDelegate.swift; sourceTree = "<group>"; };
		C8C94D6F247BD01A00B8CC85 /* ViewController.swift */ = {isa = PBXFileReference; lastKnownFileType = sourcecode.swift; path = ViewController.swift; sourceTree = "<group>"; };
		C8C94D72247BD01A00B8CC85 /* Base */ = {isa = PBXFileReference; lastKnownFileType = file.storyboard; name = Base; path = Base.lproj/Main.storyboard; sourceTree = "<group>"; };
		C8C94D74247BD01C00B8CC85 /* Assets.xcassets */ = {isa = PBXFileReference; lastKnownFileType = folder.assetcatalog; path = Assets.xcassets; sourceTree = "<group>"; };
		C8C94D77247BD01C00B8CC85 /* Base */ = {isa = PBXFileReference; lastKnownFileType = file.storyboard; name = Base; path = Base.lproj/LaunchScreen.storyboard; sourceTree = "<group>"; };
		C8C94D79247BD01C00B8CC85 /* Info.plist */ = {isa = PBXFileReference; lastKnownFileType = text.plist.xml; path = Info.plist; sourceTree = "<group>"; };
/* End PBXFileReference section */

/* Begin PBXFrameworksBuildPhase section */
		C8C94D65247BD01A00B8CC85 /* Frameworks */ = {
			isa = PBXFrameworksBuildPhase;
			buildActionMask = 2147483647;
			files = (
			);
			runOnlyForDeploymentPostprocessing = 0;
		};
/* End PBXFrameworksBuildPhase section */

/* Begin PBXGroup section */
		C8C94D5F247BD01A00B8CC85 = {
			isa = PBXGroup;
			children = (
				C8C94D6A247BD01A00B8CC85 /* Homework27 */,
				C8C94D69247BD01A00B8CC85 /* Products */,
			);
			sourceTree = "<group>";
		};
		C8C94D69247BD01A00B8CC85 /* Products */ = {
			isa = PBXGroup;
			children = (
				C8C94D68247BD01A00B8CC85 /* Homework27.app */,
			);
			name = Products;
			sourceTree = "<group>";
		};
		C8C94D6A247BD01A00B8CC85 /* Homework27 */ = {
			isa = PBXGroup;
			children = (
				C8C94D6B247BD01A00B8CC85 /* AppDelegate.swift */,
				C8C94D6D247BD01A00B8CC85 /* SceneDelegate.swift */,
				C8C94D6F247BD01A00B8CC85 /* ViewController.swift */,
				C8C94D71247BD01A00B8CC85 /* Main.storyboard */,
				C8C94D74247BD01C00B8CC85 /* Assets.xcassets */,
				C8C94D76247BD01C00B8CC85 /* LaunchScreen.storyboard */,
				C8C94D79247BD01C00B8CC85 /* Info.plist */,
			);
			path = Homework27;
			sourceTree = "<group>";
		};
/* End PBXGroup section */

/* Begin PBXNativeTarget section */
		C8C94D67247BD01A00B8CC85 /* Homework27 */ = {
			isa = PBXNativeTarget;
			buildConfigurationList = C8C94D7C247BD01C00B8CC85 /* Build configuration list for PBXNativeTarget "Homework27" */;
			buildPhases = (
				C8C94D64247BD01A00B8CC85 /* Sources */,
				C8C94D65247BD01A00B8CC85 /* Frameworks */,
				C8C94D66247BD01A00B8CC85 /* Resources */,
			);
			buildRules = (
			);
			dependencies = (
			);
			name = Homework27;
			productName = Homework27;
			productReference = C8C94D68247BD01A00B8CC85 /* Homework27.app */;
			productType = "com.apple.product-type.application";
		};
/* End PBXNativeTarget section */

/* Begin PBXProject section */
		C8C94D60247BD01A00B8CC85 /* Project object */ = {
			isa = PBXProject;
			attributes = {
				LastSwiftUpdateCheck = 1150;
				LastUpgradeCheck = 1150;
				ORGANIZATIONNAME = "George Digmelashvili";
				TargetAttributes = {
					C8C94D67247BD01A00B8CC85 = {
						CreatedOnToolsVersion = 11.5;
					};
				};
			};
			buildConfigurationList = C8C94D63247BD01A00B8CC85 /* Build configuration list for PBXProject "Homework27" */;
			compatibilityVersion = "Xcode 9.3";
			developmentRegion = en;
			hasScannedForEncodings = 0;
			knownRegions = (
				en,
				Base,
			);
			mainGroup = C8C94D5F247BD01A00B8CC85;
			productRefGroup = C8C94D69247BD01A00B8CC85 /* Products */;
			projectDirPath = "";
			projectRoot = "";
			targets = (
				C8C94D67247BD01A00B8CC85 /* Homework27 */,
			);
		};
/* End PBXProject section */

/* Begin PBXResourcesBuildPhase section */
		C8C94D66247BD01A00B8CC85 /* Resources */ = {
			isa = PBXResourcesBuildPhase;
			buildActionMask = 2147483647;
			files = (
				C8C94D78247BD01C00B8CC85 /* LaunchScreen.storyboard in Resources */,
				C8C94D75247BD01C00B8CC85 /* Assets.xcassets in Resources */,
				C8C94D73247BD01A00B8CC85 /* Main.storyboard in Resources */,
			);
			runOnlyForDeploymentPostprocessing = 0;
		};
/* End PBXResourcesBuildPhase section */

/* Begin PBXSourcesBuildPhase section */
		C8C94D64247BD01A00B8CC85 /* Sources */ = {
			isa = PBXSourcesBuildPhase;
			buildActionMask = 2147483647;
			files = (
				C8C94D70247BD01A00B8CC85 /* ViewController.swift in Sources */,
				C8C94D6C247BD01A00B8CC85 /* AppDelegate.swift in Sources */,
				C8C94D6E247BD01A00B8CC85 /* SceneDelegate.swift in Sources */,
			);
			runOnlyForDeploymentPostprocessing = 0;
		};
/* End PBXSourcesBuildPhase section */

/* Begin PBXVariantGroup section */
		C8C94D71247BD01A00B8CC85 /* Main.storyboard */ = {
			isa = PBXVariantGroup;
			children = (
				C8C94D72247BD01A00B8CC85 /* Base */,
			);
			name = Main.storyboard;
			sourceTree = "<group>";
		};
		C8C94D76247BD01C00B8CC85 /* LaunchScreen.storyboard */ = {
			isa = PBXVariantGroup;
			children = (
				C8C94D77247BD01C00B8CC85 /* Base */,
			);
			name = LaunchScreen.storyboard;
			sourceTree = "<group>";
		};
/* End PBXVariantGroup section */

/* Begin XCBuildConfiguration section */
		C8C94D7A247BD01C00B8CC85 /* Debug */ = {
			isa = XCBuildConfiguration;
			buildSettings = {
				ALWAYS_SEARCH_USER_PATHS = NO;
				CLANG_ANALYZER_NONNULL = YES;
				CLANG_ANALYZER_NUMBER_OBJECT_CONVERSION = YES_AGGRESSIVE;
				CLANG_CXX_LANGUAGE_STANDARD = "gnu++14";
				CLANG_CXX_LIBRARY = "libc++";
				CLANG_ENABLE_MODULES = YES;
				CLANG_ENABLE_OBJC_ARC = YES;
				CLANG_ENABLE_OBJC_WEAK = YES;
				CLANG_WARN_BLOCK_CAPTURE_AUTORELEASING = YES;
				CLANG_WARN_BOOL_CONVERSION = YES;
				CLANG_WARN_COMMA = YES;
				CLANG_WARN_CONSTANT_CONVERSION = YES;
				CLANG_WARN_DEPRECATED_OBJC_IMPLEMENTATIONS = YES;
				CLANG_WARN_DIRECT_OBJC_ISA_USAGE = YES_ERROR;
				CLANG_WARN_DOCUMENTATION_COMMENTS = YES;
				CLANG_WARN_EMPTY_BODY = YES;
				CLANG_WARN_ENUM_CONVERSION = YES;
				CLANG_WARN_INFINITE_RECURSION = YES;
				CLANG_WARN_INT_CONVERSION = YES;
				CLANG_WARN_NON_LITERAL_NULL_CONVERSION = YES;
				CLANG_WARN_OBJC_IMPLICIT_RETAIN_SELF = YES;
				CLANG_WARN_OBJC_LITERAL_CONVERSION = YES;
				CLANG_WARN_OBJC_ROOT_CLASS = YES_ERROR;
				CLANG_WARN_RANGE_LOOP_ANALYSIS = YES;
				CLANG_WARN_STRICT_PROTOTYPES = YES;
				CLANG_WARN_SUSPICIOUS_MOVE = YES;
				CLANG_WARN_UNGUARDED_AVAILABILITY = YES_AGGRESSIVE;
				CLANG_WARN_UNREACHABLE_CODE = YES;
				CLANG_WARN__DUPLICATE_METHOD_MATCH = YES;
				COPY_PHASE_STRIP = NO;
				DEBUG_INFORMATION_FORMAT = dwarf;
				ENABLE_STRICT_OBJC_MSGSEND = YES;
				ENABLE_TESTABILITY = YES;
				GCC_C_LANGUAGE_STANDARD = gnu11;
				GCC_DYNAMIC_NO_PIC = NO;
				GCC_NO_COMMON_BLOCKS = YES;
				GCC_OPTIMIZATION_LEVEL = 0;
				GCC_PREPROCESSOR_DEFINITIONS = (
					"DEBUG=1",
					"$(inherited)",
				);
				GCC_WARN_64_TO_32_BIT_CONVERSION = YES;
				GCC_WARN_ABOUT_RETURN_TYPE = YES_ERROR;
				GCC_WARN_UNDECLARED_SELECTOR = YES;
				GCC_WARN_UNINITIALIZED_AUTOS = YES_AGGRESSIVE;
				GCC_WARN_UNUSED_FUNCTION = YES;
				GCC_WARN_UNUSED_VARIABLE = YES;
				IPHONEOS_DEPLOYMENT_TARGET = 13.5;
				MTL_ENABLE_DEBUG_INFO = INCLUDE_SOURCE;
				MTL_FAST_MATH = YES;
				ONLY_ACTIVE_ARCH = YES;
				SDKROOT = iphoneos;
				SWIFT_ACTIVE_COMPILATION_CONDITIONS = DEBUG;
				SWIFT_OPTIMIZATION_LEVEL = "-Onone";
			};
			name = Debug;
		};
		C8C94D7B247BD01C00B8CC85 /* Release */ = {
			isa = XCBuildConfiguration;
			buildSettings = {
				ALWAYS_SEARCH_USER_PATHS = NO;
				CLANG_ANALYZER_NONNULL = YES;
				CLANG_ANALYZER_NUMBER_OBJECT_CONVERSION = YES_AGGRESSIVE;
				CLANG_CXX_LANGUAGE_STANDARD = "gnu++14";
				CLANG_CXX_LIBRARY = "libc++";
				CLANG_ENABLE_MODULES = YES;
				CLANG_ENABLE_OBJC_ARC = YES;
				CLANG_ENABLE_OBJC_WEAK = YES;
				CLANG_WARN_BLOCK_CAPTURE_AUTORELEASING = YES;
				CLANG_WARN_BOOL_CONVERSION = YES;
				CLANG_WARN_COMMA = YES;
				CLANG_WARN_CONSTANT_CONVERSION = YES;
				CLANG_WARN_DEPRECATED_OBJC_IMPLEMENTATIONS = YES;
				CLANG_WARN_DIRECT_OBJC_ISA_USAGE = YES_ERROR;
				CLANG_WARN_DOCUMENTATION_COMMENTS = YES;
				CLANG_WARN_EMPTY_BODY = YES;
				CLANG_WARN_ENUM_CONVERSION = YES;
				CLANG_WARN_INFINITE_RECURSION = YES;
				CLANG_WARN_INT_CONVERSION = YES;
				CLANG_WARN_NON_LITERAL_NULL_CONVERSION = YES;
				CLANG_WARN_OBJC_IMPLICIT_RETAIN_SELF = YES;
				CLANG_WARN_OBJC_LITERAL_CONVERSION = YES;
				CLANG_WARN_OBJC_ROOT_CLASS = YES_ERROR;
				CLANG_WARN_RANGE_LOOP_ANALYSIS = YES;
				CLANG_WARN_STRICT_PROTOTYPES = YES;
				CLANG_WARN_SUSPICIOUS_MOVE = YES;
				CLANG_WARN_UNGUARDED_AVAILABILITY = YES_AGGRESSIVE;
				CLANG_WARN_UNREACHABLE_CODE = YES;
				CLANG_WARN__DUPLICATE_METHOD_MATCH = YES;
				COPY_PHASE_STRIP = NO;
				DEBUG_INFORMATION_FORMAT = "dwarf-with-dsym";
				ENABLE_NS_ASSERTIONS = NO;
				ENABLE_STRICT_OBJC_MSGSEND = YES;
				GCC_C_LANGUAGE_STANDARD = gnu11;
				GCC_NO_COMMON_BLOCKS = YES;
				GCC_WARN_64_TO_32_BIT_CONVERSION = YES;
				GCC_WARN_ABOUT_RETURN_TYPE = YES_ERROR;
				GCC_WARN_UNDECLARED_SELECTOR = YES;
				GCC_WARN_UNINITIALIZED_AUTOS = YES_AGGRESSIVE;
				GCC_WARN_UNUSED_FUNCTION = YES;
				GCC_WARN_UNUSED_VARIABLE = YES;
				IPHONEOS_DEPLOYMENT_TARGET = 13.5;
				MTL_ENABLE_DEBUG_INFO = NO;
				MTL_FAST_MATH = YES;
				SDKROOT = iphoneos;
				SWIFT_COMPILATION_MODE = wholemodule;
				SWIFT_OPTIMIZATION_LEVEL = "-O";
				VALIDATE_PRODUCT = YES;
			};
			name = Release;
		};
		C8C94D7D247BD01C00B8CC85 /* Debug */ = {
			isa = XCBuildConfiguration;
			buildSettings = {
				ASSETCATALOG_COMPILER_APPICON_NAME = AppIcon;
				CODE_SIGN_STYLE = Automatic;
				INFOPLIST_FILE = Homework27/Info.plist;
				LD_RUNPATH_SEARCH_PATHS = (
					"$(inherited)",
					"@executable_path/Frameworks",
				);
				PRODUCT_BUNDLE_IDENTIFIER = TBC.Homework27;
				PRODUCT_NAME = "$(TARGET_NAME)";
				SWIFT_VERSION = 5.0;
				TARGETED_DEVICE_FAMILY = 1;
			};
			name = Debug;
		};
		C8C94D7E247BD01C00B8CC85 /* Release */ = {
			isa = XCBuildConfiguration;
			buildSettings = {
				ASSETCATALOG_COMPILER_APPICON_NAME = AppIcon;
				CODE_SIGN_STYLE = Automatic;
				INFOPLIST_FILE = Homework27/Info.plist;
				LD_RUNPATH_SEARCH_PATHS = (
					"$(inherited)",
					"@executable_path/Frameworks",
				);
				PRODUCT_BUNDLE_IDENTIFIER = TBC.Homework27;
				PRODUCT_NAME = "$(TARGET_NAME)";
				SWIFT_VERSION = 5.0;
				TARGETED_DEVICE_FAMILY = 1;
			};
			name = Release;
		};
/* End XCBuildConfiguration section */

/* Begin XCConfigurationList section */
		C8C94D63247BD01A00B8CC85 /* Build configuration list for PBXProject "Homework27" */ = {
			isa = XCConfigurationList;
			buildConfigurations = (
				C8C94D7A247BD01C00B8CC85 /* Debug */,
				C8C94D7B247BD01C00B8CC85 /* Release */,
			);
			defaultConfigurationIsVisible = 0;
			defaultConfigurationName = Release;
		};
		C8C94D7C247BD01C00B8CC85 /* Build configuration list for PBXNativeTarget "Homework27" */ = {
			isa = XCConfigurationList;
			buildConfigurations = (
				C8C94D7D247BD01C00B8CC85 /* Debug */,
				C8C94D7E247BD01C00B8CC85 /* Release */,
			);
			defaultConfigurationIsVisible = 0;
			defaultConfigurationName = Release;
		};
/* End XCConfigurationList section */
	};
	rootObject = C8C94D60247BD01A00B8CC85 /* Project object */;
}
