// !$*UTF8*$!
{
	archiveVersion = 1;
	classes = {
	};
	objectVersion = 50;
	objects = {

/* Begin PBXBuildFile section */
		C8D7141F2487E9F70067B55B /* AppDelegate.swift in Sources */ = {isa = PBXBuildFile; fileRef = C8D7141E2487E9F70067B55B /* AppDelegate.swift */; };
		C8D714212487E9F70067B55B /* SceneDelegate.swift in Sources */ = {isa = PBXBuildFile; fileRef = C8D714202487E9F70067B55B /* SceneDelegate.swift */; };
		C8D714232487E9F70067B55B /* ViewController.swift in Sources */ = {isa = PBXBuildFile; fileRef = C8D714222487E9F70067B55B /* ViewController.swift */; };
		C8D714262487E9F70067B55B /* Main.storyboard in Resources */ = {isa = PBXBuildFile; fileRef = C8D714242487E9F70067B55B /* Main.storyboard */; };
		C8D714282487E9FA0067B55B /* Assets.xcassets in Resources */ = {isa = PBXBuildFile; fileRef = C8D714272487E9FA0067B55B /* Assets.xcassets */; };
		C8D7142B2487E9FA0067B55B /* LaunchScreen.storyboard in Resources */ = {isa = PBXBuildFile; fileRef = C8D714292487E9FA0067B55B /* LaunchScreen.storyboard */; };
/* End PBXBuildFile section */

/* Begin PBXFileReference section */
		C8D7141B2487E9F70067B55B /* Homework_33_CoreDrawing.app */ = {isa = PBXFileReference; explicitFileType = wrapper.application; includeInIndex = 0; path = Homework_33_CoreDrawing.app; sourceTree = BUILT_PRODUCTS_DIR; };
		C8D7141E2487E9F70067B55B /* AppDelegate.swift */ = {isa = PBXFileReference; lastKnownFileType = sourcecode.swift; path = AppDelegate.swift; sourceTree = "<group>"; };
		C8D714202487E9F70067B55B /* SceneDelegate.swift */ = {isa = PBXFileReference; lastKnownFileType = sourcecode.swift; path = SceneDelegate.swift; sourceTree = "<group>"; };
		C8D714222487E9F70067B55B /* ViewController.swift */ = {isa = PBXFileReference; lastKnownFileType = sourcecode.swift; path = ViewController.swift; sourceTree = "<group>"; };
		C8D714252487E9F70067B55B /* Base */ = {isa = PBXFileReference; lastKnownFileType = file.storyboard; name = Base; path = Base.lproj/Main.storyboard; sourceTree = "<group>"; };
		C8D714272487E9FA0067B55B /* Assets.xcassets */ = {isa = PBXFileReference; lastKnownFileType = folder.assetcatalog; path = Assets.xcassets; sourceTree = "<group>"; };
		C8D7142A2487E9FA0067B55B /* Base */ = {isa = PBXFileReference; lastKnownFileType = file.storyboard; name = Base; path = Base.lproj/LaunchScreen.storyboard; sourceTree = "<group>"; };
		C8D7142C2487E9FA0067B55B /* Info.plist */ = {isa = PBXFileReference; lastKnownFileType = text.plist.xml; path = Info.plist; sourceTree = "<group>"; };
/* End PBXFileReference section */

/* Begin PBXFrameworksBuildPhase section */
		C8D714182487E9F70067B55B /* Frameworks */ = {
			isa = PBXFrameworksBuildPhase;
			buildActionMask = 2147483647;
			files = (
			);
			runOnlyForDeploymentPostprocessing = 0;
		};
/* End PBXFrameworksBuildPhase section */

/* Begin PBXGroup section */
		C8D714122487E9F70067B55B = {
			isa = PBXGroup;
			children = (
				C8D7141D2487E9F70067B55B /* Homework_33_CoreDrawing */,
				C8D7141C2487E9F70067B55B /* Products */,
			);
			sourceTree = "<group>";
		};
		C8D7141C2487E9F70067B55B /* Products */ = {
			isa = PBXGroup;
			children = (
				C8D7141B2487E9F70067B55B /* Homework_33_CoreDrawing.app */,
			);
			name = Products;
			sourceTree = "<group>";
		};
		C8D7141D2487E9F70067B55B /* Homework_33_CoreDrawing */ = {
			isa = PBXGroup;
			children = (
				C8D7141E2487E9F70067B55B /* AppDelegate.swift */,
				C8D714202487E9F70067B55B /* SceneDelegate.swift */,
				C8D714222487E9F70067B55B /* ViewController.swift */,
				C8D714242487E9F70067B55B /* Main.storyboard */,
				C8D714272487E9FA0067B55B /* Assets.xcassets */,
				C8D714292487E9FA0067B55B /* LaunchScreen.storyboard */,
				C8D7142C2487E9FA0067B55B /* Info.plist */,
			);
			path = Homework_33_CoreDrawing;
			sourceTree = "<group>";
		};
/* End PBXGroup section */

/* Begin PBXNativeTarget section */
		C8D7141A2487E9F70067B55B /* Homework_33_CoreDrawing */ = {
			isa = PBXNativeTarget;
			buildConfigurationList = C8D7142F2487E9FA0067B55B /* Build configuration list for PBXNativeTarget "Homework_33_CoreDrawing" */;
			buildPhases = (
				C8D714172487E9F70067B55B /* Sources */,
				C8D714182487E9F70067B55B /* Frameworks */,
				C8D714192487E9F70067B55B /* Resources */,
			);
			buildRules = (
			);
			dependencies = (
			);
			name = Homework_33_CoreDrawing;
			productName = Homework_33_CoreDrawing;
			productReference = C8D7141B2487E9F70067B55B /* Homework_33_CoreDrawing.app */;
			productType = "com.apple.product-type.application";
		};
/* End PBXNativeTarget section */

/* Begin PBXProject section */
		C8D714132487E9F70067B55B /* Project object */ = {
			isa = PBXProject;
			attributes = {
				LastSwiftUpdateCheck = 1150;
				LastUpgradeCheck = 1150;
				ORGANIZATIONNAME = "George Digmelashvili";
				TargetAttributes = {
					C8D7141A2487E9F70067B55B = {
						CreatedOnToolsVersion = 11.5;
					};
				};
			};
			buildConfigurationList = C8D714162487E9F70067B55B /* Build configuration list for PBXProject "Homework_33_CoreDrawing" */;
			compatibilityVersion = "Xcode 9.3";
			developmentRegion = en;
			hasScannedForEncodings = 0;
			knownRegions = (
				en,
				Base,
			);
			mainGroup = C8D714122487E9F70067B55B;
			productRefGroup = C8D7141C2487E9F70067B55B /* Products */;
			projectDirPath = "";
			projectRoot = "";
			targets = (
				C8D7141A2487E9F70067B55B /* Homework_33_CoreDrawing */,
			);
		};
/* End PBXProject section */

/* Begin PBXResourcesBuildPhase section */
		C8D714192487E9F70067B55B /* Resources */ = {
			isa = PBXResourcesBuildPhase;
			buildActionMask = 2147483647;
			files = (
				C8D7142B2487E9FA0067B55B /* LaunchScreen.storyboard in Resources */,
				C8D714282487E9FA0067B55B /* Assets.xcassets in Resources */,
				C8D714262487E9F70067B55B /* Main.storyboard in Resources */,
			);
			runOnlyForDeploymentPostprocessing = 0;
		};
/* End PBXResourcesBuildPhase section */

/* Begin PBXSourcesBuildPhase section */
		C8D714172487E9F70067B55B /* Sources */ = {
			isa = PBXSourcesBuildPhase;
			buildActionMask = 2147483647;
			files = (
				C8D714232487E9F70067B55B /* ViewController.swift in Sources */,
				C8D7141F2487E9F70067B55B /* AppDelegate.swift in Sources */,
				C8D714212487E9F70067B55B /* SceneDelegate.swift in Sources */,
			);
			runOnlyForDeploymentPostprocessing = 0;
		};
/* End PBXSourcesBuildPhase section */

/* Begin PBXVariantGroup section */
		C8D714242487E9F70067B55B /* Main.storyboard */ = {
			isa = PBXVariantGroup;
			children = (
				C8D714252487E9F70067B55B /* Base */,
			);
			name = Main.storyboard;
			sourceTree = "<group>";
		};
		C8D714292487E9FA0067B55B /* LaunchScreen.storyboard */ = {
			isa = PBXVariantGroup;
			children = (
				C8D7142A2487E9FA0067B55B /* Base */,
			);
			name = LaunchScreen.storyboard;
			sourceTree = "<group>";
		};
/* End PBXVariantGroup section */

/* Begin XCBuildConfiguration section */
		C8D7142D2487E9FA0067B55B /* Debug */ = {
			isa = XCBuildConfiguration;
			buildSettings = {
				ALWAYS_SEARCH_USER_PATHS = NO;
				CLANG_ANALYZER_NONNULL = YES;
				CLANG_ANALYZER_NUMBER_OBJECT_CONVERSION = YES_AGGRESSIVE;
				CLANG_CXX_LANGUAGE_STANDARD = "gnu++14";
				CLANG_CXX_LIBRARY = "libc++";
				CLANG_ENABLE_MODULES = YES;
				CLANG_ENABLE_OBJC_ARC = YES;
				CLANG_ENABLE_OBJC_WEAK = YES;
				CLANG_WARN_BLOCK_CAPTURE_AUTORELEASING = YES;
				CLANG_WARN_BOOL_CONVERSION = YES;
				CLANG_WARN_COMMA = YES;
				CLANG_WARN_CONSTANT_CONVERSION = YES;
				CLANG_WARN_DEPRECATED_OBJC_IMPLEMENTATIONS = YES;
				CLANG_WARN_DIRECT_OBJC_ISA_USAGE = YES_ERROR;
				CLANG_WARN_DOCUMENTATION_COMMENTS = YES;
				CLANG_WARN_EMPTY_BODY = YES;
				CLANG_WARN_ENUM_CONVERSION = YES;
				CLANG_WARN_INFINITE_RECURSION = YES;
				CLANG_WARN_INT_CONVERSION = YES;
				CLANG_WARN_NON_LITERAL_NULL_CONVERSION = YES;
				CLANG_WARN_OBJC_IMPLICIT_RETAIN_SELF = YES;
				CLANG_WARN_OBJC_LITERAL_CONVERSION = YES;
				CLANG_WARN_OBJC_ROOT_CLASS = YES_ERROR;
				CLANG_WARN_RANGE_LOOP_ANALYSIS = YES;
				CLANG_WARN_STRICT_PROTOTYPES = YES;
				CLANG_WARN_SUSPICIOUS_MOVE = YES;
				CLANG_WARN_UNGUARDED_AVAILABILITY = YES_AGGRESSIVE;
				CLANG_WARN_UNREACHABLE_CODE = YES;
				CLANG_WARN__DUPLICATE_METHOD_MATCH = YES;
				COPY_PHASE_STRIP = NO;
				DEBUG_INFORMATION_FORMAT = dwarf;
				ENABLE_STRICT_OBJC_MSGSEND = YES;
				ENABLE_TESTABILITY = YES;
				GCC_C_LANGUAGE_STANDARD = gnu11;
				GCC_DYNAMIC_NO_PIC = NO;
				GCC_NO_COMMON_BLOCKS = YES;
				GCC_OPTIMIZATION_LEVEL = 0;
				GCC_PREPROCESSOR_DEFINITIONS = (
					"DEBUG=1",
					"$(inherited)",
				);
				GCC_WARN_64_TO_32_BIT_CONVERSION = YES;
				GCC_WARN_ABOUT_RETURN_TYPE = YES_ERROR;
				GCC_WARN_UNDECLARED_SELECTOR = YES;
				GCC_WARN_UNINITIALIZED_AUTOS = YES_AGGRESSIVE;
				GCC_WARN_UNUSED_FUNCTION = YES;
				GCC_WARN_UNUSED_VARIABLE = YES;
				IPHONEOS_DEPLOYMENT_TARGET = 13.5;
				MTL_ENABLE_DEBUG_INFO = INCLUDE_SOURCE;
				MTL_FAST_MATH = YES;
				ONLY_ACTIVE_ARCH = YES;
				SDKROOT = iphoneos;
				SWIFT_ACTIVE_COMPILATION_CONDITIONS = DEBUG;
				SWIFT_OPTIMIZATION_LEVEL = "-Onone";
			};
			name = Debug;
		};
		C8D7142E2487E9FA0067B55B /* Release */ = {
			isa = XCBuildConfiguration;
			buildSettings = {
				ALWAYS_SEARCH_USER_PATHS = NO;
				CLANG_ANALYZER_NONNULL = YES;
				CLANG_ANALYZER_NUMBER_OBJECT_CONVERSION = YES_AGGRESSIVE;
				CLANG_CXX_LANGUAGE_STANDARD = "gnu++14";
				CLANG_CXX_LIBRARY = "libc++";
				CLANG_ENABLE_MODULES = YES;
				CLANG_ENABLE_OBJC_ARC = YES;
				CLANG_ENABLE_OBJC_WEAK = YES;
				CLANG_WARN_BLOCK_CAPTURE_AUTORELEASING = YES;
				CLANG_WARN_BOOL_CONVERSION = YES;
				CLANG_WARN_COMMA = YES;
				CLANG_WARN_CONSTANT_CONVERSION = YES;
				CLANG_WARN_DEPRECATED_OBJC_IMPLEMENTATIONS = YES;
				CLANG_WARN_DIRECT_OBJC_ISA_USAGE = YES_ERROR;
				CLANG_WARN_DOCUMENTATION_COMMENTS = YES;
				CLANG_WARN_EMPTY_BODY = YES;
				CLANG_WARN_ENUM_CONVERSION = YES;
				CLANG_WARN_INFINITE_RECURSION = YES;
				CLANG_WARN_INT_CONVERSION = YES;
				CLANG_WARN_NON_LITERAL_NULL_CONVERSION = YES;
				CLANG_WARN_OBJC_IMPLICIT_RETAIN_SELF = YES;
				CLANG_WARN_OBJC_LITERAL_CONVERSION = YES;
				CLANG_WARN_OBJC_ROOT_CLASS = YES_ERROR;
				CLANG_WARN_RANGE_LOOP_ANALYSIS = YES;
				CLANG_WARN_STRICT_PROTOTYPES = YES;
				CLANG_WARN_SUSPICIOUS_MOVE = YES;
				CLANG_WARN_UNGUARDED_AVAILABILITY = YES_AGGRESSIVE;
				CLANG_WARN_UNREACHABLE_CODE = YES;
				CLANG_WARN__DUPLICATE_METHOD_MATCH = YES;
				COPY_PHASE_STRIP = NO;
				DEBUG_INFORMATION_FORMAT = "dwarf-with-dsym";
				ENABLE_NS_ASSERTIONS = NO;
				ENABLE_STRICT_OBJC_MSGSEND = YES;
				GCC_C_LANGUAGE_STANDARD = gnu11;
				GCC_NO_COMMON_BLOCKS = YES;
				GCC_WARN_64_TO_32_BIT_CONVERSION = YES;
				GCC_WARN_ABOUT_RETURN_TYPE = YES_ERROR;
				GCC_WARN_UNDECLARED_SELECTOR = YES;
				GCC_WARN_UNINITIALIZED_AUTOS = YES_AGGRESSIVE;
				GCC_WARN_UNUSED_FUNCTION = YES;
				GCC_WARN_UNUSED_VARIABLE = YES;
				IPHONEOS_DEPLOYMENT_TARGET = 13.5;
				MTL_ENABLE_DEBUG_INFO = NO;
				MTL_FAST_MATH = YES;
				SDKROOT = iphoneos;
				SWIFT_COMPILATION_MODE = wholemodule;
				SWIFT_OPTIMIZATION_LEVEL = "-O";
				VALIDATE_PRODUCT = YES;
			};
			name = Release;
		};
		C8D714302487E9FA0067B55B /* Debug */ = {
			isa = XCBuildConfiguration;
			buildSettings = {
				ASSETCATALOG_COMPILER_APPICON_NAME = AppIcon;
				CODE_SIGN_STYLE = Automatic;
				INFOPLIST_FILE = Homework_33_CoreDrawing/Info.plist;
				IPHONEOS_DEPLOYMENT_TARGET = 13.0;
				LD_RUNPATH_SEARCH_PATHS = (
					"$(inherited)",
					"@executable_path/Frameworks",
				);
				PRODUCT_BUNDLE_IDENTIFIER = "TBC.Homework-33-CoreDrawing";
				PRODUCT_NAME = "$(TARGET_NAME)";
				SWIFT_VERSION = 5.0;
				TARGETED_DEVICE_FAMILY = 1;
			};
			name = Debug;
		};
		C8D714312487E9FA0067B55B /* Release */ = {
			isa = XCBuildConfiguration;
			buildSettings = {
				ASSETCATALOG_COMPILER_APPICON_NAME = AppIcon;
				CODE_SIGN_STYLE = Automatic;
				INFOPLIST_FILE = Homework_33_CoreDrawing/Info.plist;
				IPHONEOS_DEPLOYMENT_TARGET = 13.0;
				LD_RUNPATH_SEARCH_PATHS = (
					"$(inherited)",
					"@executable_path/Frameworks",
				);
				PRODUCT_BUNDLE_IDENTIFIER = "TBC.Homework-33-CoreDrawing";
				PRODUCT_NAME = "$(TARGET_NAME)";
				SWIFT_VERSION = 5.0;
				TARGETED_DEVICE_FAMILY = 1;
			};
			name = Release;
		};
/* End XCBuildConfiguration section */

/* Begin XCConfigurationList section */
		C8D714162487E9F70067B55B /* Build configuration list for PBXProject "Homework_33_CoreDrawing" */ = {
			isa = XCConfigurationList;
			buildConfigurations = (
				C8D7142D2487E9FA0067B55B /* Debug */,
				C8D7142E2487E9FA0067B55B /* Release */,
			);
			defaultConfigurationIsVisible = 0;
			defaultConfigurationName = Release;
		};
		C8D7142F2487E9FA0067B55B /* Build configuration list for PBXNativeTarget "Homework_33_CoreDrawing" */ = {
			isa = XCConfigurationList;
			buildConfigurations = (
				C8D714302487E9FA0067B55B /* Debug */,
				C8D714312487E9FA0067B55B /* Release */,
			);
			defaultConfigurationIsVisible = 0;
			defaultConfigurationName = Release;
		};
/* End XCConfigurationList section */
	};
	rootObject = C8D714132487E9F70067B55B /* Project object */;
}
