// !$*UTF8*$!
{
	archiveVersion = 1;
	classes = {
	};
	objectVersion = 50;
	objects = {

/* Begin PBXBuildFile section */
		C87D6771245C4177004AFE00 /* AppDelegate.swift in Sources */ = {isa = PBXBuildFile; fileRef = C87D6770245C4177004AFE00 /* AppDelegate.swift */; };
		C87D6773245C4177004AFE00 /* SceneDelegate.swift in Sources */ = {isa = PBXBuildFile; fileRef = C87D6772245C4177004AFE00 /* SceneDelegate.swift */; };
		C87D6775245C4177004AFE00 /* mainViewController.swift in Sources */ = {isa = PBXBuildFile; fileRef = C87D6774245C4177004AFE00 /* mainViewController.swift */; };
		C87D6778245C4177004AFE00 /* Main.storyboard in Resources */ = {isa = PBXBuildFile; fileRef = C87D6776245C4177004AFE00 /* Main.storyboard */; };
		C87D677A245C4179004AFE00 /* Assets.xcassets in Resources */ = {isa = PBXBuildFile; fileRef = C87D6779245C4179004AFE00 /* Assets.xcassets */; };
		C87D677D245C4179004AFE00 /* LaunchScreen.storyboard in Resources */ = {isa = PBXBuildFile; fileRef = C87D677B245C4179004AFE00 /* LaunchScreen.storyboard */; };
		C87D6785245C4C02004AFE00 /* AddCars.swift in Sources */ = {isa = PBXBuildFile; fileRef = C87D6784245C4C02004AFE00 /* AddCars.swift */; };
		C87D6788245C5323004AFE00 /* ImageClass.swift in Sources */ = {isa = PBXBuildFile; fileRef = C87D6787245C5323004AFE00 /* ImageClass.swift */; };
		C87D678C245C5971004AFE00 /* ImageCell.swift in Sources */ = {isa = PBXBuildFile; fileRef = C87D678B245C5971004AFE00 /* ImageCell.swift */; };
		C87D678E245C6079004AFE00 /* Cars.swift in Sources */ = {isa = PBXBuildFile; fileRef = C87D678D245C6079004AFE00 /* Cars.swift */; };
		C87D6791245C71F6004AFE00 /* CarListCell.swift in Sources */ = {isa = PBXBuildFile; fileRef = C87D6790245C71F6004AFE00 /* CarListCell.swift */; };
/* End PBXBuildFile section */

/* Begin PBXFileReference section */
		C87D676D245C4177004AFE00 /* Homework_12.app */ = {isa = PBXFileReference; explicitFileType = wrapper.application; includeInIndex = 0; path = Homework_12.app; sourceTree = BUILT_PRODUCTS_DIR; };
		C87D6770245C4177004AFE00 /* AppDelegate.swift */ = {isa = PBXFileReference; lastKnownFileType = sourcecode.swift; path = AppDelegate.swift; sourceTree = "<group>"; };
		C87D6772245C4177004AFE00 /* SceneDelegate.swift */ = {isa = PBXFileReference; lastKnownFileType = sourcecode.swift; path = SceneDelegate.swift; sourceTree = "<group>"; };
		C87D6774245C4177004AFE00 /* mainViewController.swift */ = {isa = PBXFileReference; lastKnownFileType = sourcecode.swift; path = mainViewController.swift; sourceTree = "<group>"; };
		C87D6777245C4177004AFE00 /* Base */ = {isa = PBXFileReference; lastKnownFileType = file.storyboard; name = Base; path = Base.lproj/Main.storyboard; sourceTree = "<group>"; };
		C87D6779245C4179004AFE00 /* Assets.xcassets */ = {isa = PBXFileReference; lastKnownFileType = folder.assetcatalog; path = Assets.xcassets; sourceTree = "<group>"; };
		C87D677C245C4179004AFE00 /* Base */ = {isa = PBXFileReference; lastKnownFileType = file.storyboard; name = Base; path = Base.lproj/LaunchScreen.storyboard; sourceTree = "<group>"; };
		C87D677E245C4179004AFE00 /* Info.plist */ = {isa = PBXFileReference; lastKnownFileType = text.plist.xml; path = Info.plist; sourceTree = "<group>"; };
		C87D6784245C4C02004AFE00 /* AddCars.swift */ = {isa = PBXFileReference; lastKnownFileType = sourcecode.swift; path = AddCars.swift; sourceTree = "<group>"; };
		C87D6787245C5323004AFE00 /* ImageClass.swift */ = {isa = PBXFileReference; lastKnownFileType = sourcecode.swift; path = ImageClass.swift; sourceTree = "<group>"; };
		C87D678B245C5971004AFE00 /* ImageCell.swift */ = {isa = PBXFileReference; lastKnownFileType = sourcecode.swift; path = ImageCell.swift; sourceTree = "<group>"; };
		C87D678D245C6079004AFE00 /* Cars.swift */ = {isa = PBXFileReference; lastKnownFileType = sourcecode.swift; path = Cars.swift; sourceTree = "<group>"; };
		C87D6790245C71F6004AFE00 /* CarListCell.swift */ = {isa = PBXFileReference; lastKnownFileType = sourcecode.swift; path = CarListCell.swift; sourceTree = "<group>"; };
/* End PBXFileReference section */

/* Begin PBXFrameworksBuildPhase section */
		C87D676A245C4177004AFE00 /* Frameworks */ = {
			isa = PBXFrameworksBuildPhase;
			buildActionMask = 2147483647;
			files = (
			);
			runOnlyForDeploymentPostprocessing = 0;
		};
/* End PBXFrameworksBuildPhase section */

/* Begin PBXGroup section */
		C87D6764245C4177004AFE00 = {
			isa = PBXGroup;
			children = (
				C87D676F245C4177004AFE00 /* Homework_12 */,
				C87D676E245C4177004AFE00 /* Products */,
			);
			sourceTree = "<group>";
		};
		C87D676E245C4177004AFE00 /* Products */ = {
			isa = PBXGroup;
			children = (
				C87D676D245C4177004AFE00 /* Homework_12.app */,
			);
			name = Products;
			sourceTree = "<group>";
		};
		C87D676F245C4177004AFE00 /* Homework_12 */ = {
			isa = PBXGroup;
			children = (
				C87D678A245C5953004AFE00 /* Cells */,
				C87D6786245C5304004AFE00 /* Services */,
				C87D6770245C4177004AFE00 /* AppDelegate.swift */,
				C87D6772245C4177004AFE00 /* SceneDelegate.swift */,
				C87D6774245C4177004AFE00 /* mainViewController.swift */,
				C87D6776245C4177004AFE00 /* Main.storyboard */,
				C87D6779245C4179004AFE00 /* Assets.xcassets */,
				C87D677B245C4179004AFE00 /* LaunchScreen.storyboard */,
				C87D677E245C4179004AFE00 /* Info.plist */,
				C87D6784245C4C02004AFE00 /* AddCars.swift */,
			);
			path = Homework_12;
			sourceTree = "<group>";
		};
		C87D6786245C5304004AFE00 /* Services */ = {
			isa = PBXGroup;
			children = (
				C87D6787245C5323004AFE00 /* ImageClass.swift */,
				C87D678D245C6079004AFE00 /* Cars.swift */,
			);
			path = Services;
			sourceTree = "<group>";
		};
		C87D678A245C5953004AFE00 /* Cells */ = {
			isa = PBXGroup;
			children = (
				C87D678B245C5971004AFE00 /* ImageCell.swift */,
				C87D6790245C71F6004AFE00 /* CarListCell.swift */,
			);
			path = Cells;
			sourceTree = "<group>";
		};
/* End PBXGroup section */

/* Begin PBXNativeTarget section */
		C87D676C245C4177004AFE00 /* Homework_12 */ = {
			isa = PBXNativeTarget;
			buildConfigurationList = C87D6781245C4179004AFE00 /* Build configuration list for PBXNativeTarget "Homework_12" */;
			buildPhases = (
				C87D6769245C4177004AFE00 /* Sources */,
				C87D676A245C4177004AFE00 /* Frameworks */,
				C87D676B245C4177004AFE00 /* Resources */,
			);
			buildRules = (
			);
			dependencies = (
			);
			name = Homework_12;
			productName = Homework_12;
			productReference = C87D676D245C4177004AFE00 /* Homework_12.app */;
			productType = "com.apple.product-type.application";
		};
/* End PBXNativeTarget section */

/* Begin PBXProject section */
		C87D6765245C4177004AFE00 /* Project object */ = {
			isa = PBXProject;
			attributes = {
				LastSwiftUpdateCheck = 1140;
				LastUpgradeCheck = 1140;
				ORGANIZATIONNAME = "George Digmelashvili";
				TargetAttributes = {
					C87D676C245C4177004AFE00 = {
						CreatedOnToolsVersion = 11.4.1;
					};
				};
			};
			buildConfigurationList = C87D6768245C4177004AFE00 /* Build configuration list for PBXProject "Homework_12" */;
			compatibilityVersion = "Xcode 9.3";
			developmentRegion = en;
			hasScannedForEncodings = 0;
			knownRegions = (
				en,
				Base,
			);
			mainGroup = C87D6764245C4177004AFE00;
			productRefGroup = C87D676E245C4177004AFE00 /* Products */;
			projectDirPath = "";
			projectRoot = "";
			targets = (
				C87D676C245C4177004AFE00 /* Homework_12 */,
			);
		};
/* End PBXProject section */

/* Begin PBXResourcesBuildPhase section */
		C87D676B245C4177004AFE00 /* Resources */ = {
			isa = PBXResourcesBuildPhase;
			buildActionMask = 2147483647;
			files = (
				C87D677D245C4179004AFE00 /* LaunchScreen.storyboard in Resources */,
				C87D677A245C4179004AFE00 /* Assets.xcassets in Resources */,
				C87D6778245C4177004AFE00 /* Main.storyboard in Resources */,
			);
			runOnlyForDeploymentPostprocessing = 0;
		};
/* End PBXResourcesBuildPhase section */

/* Begin PBXSourcesBuildPhase section */
		C87D6769245C4177004AFE00 /* Sources */ = {
			isa = PBXSourcesBuildPhase;
			buildActionMask = 2147483647;
			files = (
				C87D6775245C4177004AFE00 /* mainViewController.swift in Sources */,
				C87D6771245C4177004AFE00 /* AppDelegate.swift in Sources */,
				C87D6788245C5323004AFE00 /* ImageClass.swift in Sources */,
				C87D6785245C4C02004AFE00 /* AddCars.swift in Sources */,
				C87D6773245C4177004AFE00 /* SceneDelegate.swift in Sources */,
				C87D678C245C5971004AFE00 /* ImageCell.swift in Sources */,
				C87D6791245C71F6004AFE00 /* CarListCell.swift in Sources */,
				C87D678E245C6079004AFE00 /* Cars.swift in Sources */,
			);
			runOnlyForDeploymentPostprocessing = 0;
		};
/* End PBXSourcesBuildPhase section */

/* Begin PBXVariantGroup section */
		C87D6776245C4177004AFE00 /* Main.storyboard */ = {
			isa = PBXVariantGroup;
			children = (
				C87D6777245C4177004AFE00 /* Base */,
			);
			name = Main.storyboard;
			sourceTree = "<group>";
		};
		C87D677B245C4179004AFE00 /* LaunchScreen.storyboard */ = {
			isa = PBXVariantGroup;
			children = (
				C87D677C245C4179004AFE00 /* Base */,
			);
			name = LaunchScreen.storyboard;
			sourceTree = "<group>";
		};
/* End PBXVariantGroup section */

/* Begin XCBuildConfiguration section */
		C87D677F245C4179004AFE00 /* Debug */ = {
			isa = XCBuildConfiguration;
			buildSettings = {
				ALWAYS_SEARCH_USER_PATHS = NO;
				CLANG_ANALYZER_NONNULL = YES;
				CLANG_ANALYZER_NUMBER_OBJECT_CONVERSION = YES_AGGRESSIVE;
				CLANG_CXX_LANGUAGE_STANDARD = "gnu++14";
				CLANG_CXX_LIBRARY = "libc++";
				CLANG_ENABLE_MODULES = YES;
				CLANG_ENABLE_OBJC_ARC = YES;
				CLANG_ENABLE_OBJC_WEAK = YES;
				CLANG_WARN_BLOCK_CAPTURE_AUTORELEASING = YES;
				CLANG_WARN_BOOL_CONVERSION = YES;
				CLANG_WARN_COMMA = YES;
				CLANG_WARN_CONSTANT_CONVERSION = YES;
				CLANG_WARN_DEPRECATED_OBJC_IMPLEMENTATIONS = YES;
				CLANG_WARN_DIRECT_OBJC_ISA_USAGE = YES_ERROR;
				CLANG_WARN_DOCUMENTATION_COMMENTS = YES;
				CLANG_WARN_EMPTY_BODY = YES;
				CLANG_WARN_ENUM_CONVERSION = YES;
				CLANG_WARN_INFINITE_RECURSION = YES;
				CLANG_WARN_INT_CONVERSION = YES;
				CLANG_WARN_NON_LITERAL_NULL_CONVERSION = YES;
				CLANG_WARN_OBJC_IMPLICIT_RETAIN_SELF = YES;
				CLANG_WARN_OBJC_LITERAL_CONVERSION = YES;
				CLANG_WARN_OBJC_ROOT_CLASS = YES_ERROR;
				CLANG_WARN_RANGE_LOOP_ANALYSIS = YES;
				CLANG_WARN_STRICT_PROTOTYPES = YES;
				CLANG_WARN_SUSPICIOUS_MOVE = YES;
				CLANG_WARN_UNGUARDED_AVAILABILITY = YES_AGGRESSIVE;
				CLANG_WARN_UNREACHABLE_CODE = YES;
				CLANG_WARN__DUPLICATE_METHOD_MATCH = YES;
				COPY_PHASE_STRIP = NO;
				DEBUG_INFORMATION_FORMAT = dwarf;
				ENABLE_STRICT_OBJC_MSGSEND = YES;
				ENABLE_TESTABILITY = YES;
				GCC_C_LANGUAGE_STANDARD = gnu11;
				GCC_DYNAMIC_NO_PIC = NO;
				GCC_NO_COMMON_BLOCKS = YES;
				GCC_OPTIMIZATION_LEVEL = 0;
				GCC_PREPROCESSOR_DEFINITIONS = (
					"DEBUG=1",
					"$(inherited)",
				);
				GCC_WARN_64_TO_32_BIT_CONVERSION = YES;
				GCC_WARN_ABOUT_RETURN_TYPE = YES_ERROR;
				GCC_WARN_UNDECLARED_SELECTOR = YES;
				GCC_WARN_UNINITIALIZED_AUTOS = YES_AGGRESSIVE;
				GCC_WARN_UNUSED_FUNCTION = YES;
				GCC_WARN_UNUSED_VARIABLE = YES;
				IPHONEOS_DEPLOYMENT_TARGET = 13.4;
				MTL_ENABLE_DEBUG_INFO = INCLUDE_SOURCE;
				MTL_FAST_MATH = YES;
				ONLY_ACTIVE_ARCH = YES;
				SDKROOT = iphoneos;
				SWIFT_ACTIVE_COMPILATION_CONDITIONS = DEBUG;
				SWIFT_OPTIMIZATION_LEVEL = "-Onone";
			};
			name = Debug;
		};
		C87D6780245C4179004AFE00 /* Release */ = {
			isa = XCBuildConfiguration;
			buildSettings = {
				ALWAYS_SEARCH_USER_PATHS = NO;
				CLANG_ANALYZER_NONNULL = YES;
				CLANG_ANALYZER_NUMBER_OBJECT_CONVERSION = YES_AGGRESSIVE;
				CLANG_CXX_LANGUAGE_STANDARD = "gnu++14";
				CLANG_CXX_LIBRARY = "libc++";
				CLANG_ENABLE_MODULES = YES;
				CLANG_ENABLE_OBJC_ARC = YES;
				CLANG_ENABLE_OBJC_WEAK = YES;
				CLANG_WARN_BLOCK_CAPTURE_AUTORELEASING = YES;
				CLANG_WARN_BOOL_CONVERSION = YES;
				CLANG_WARN_COMMA = YES;
				CLANG_WARN_CONSTANT_CONVERSION = YES;
				CLANG_WARN_DEPRECATED_OBJC_IMPLEMENTATIONS = YES;
				CLANG_WARN_DIRECT_OBJC_ISA_USAGE = YES_ERROR;
				CLANG_WARN_DOCUMENTATION_COMMENTS = YES;
				CLANG_WARN_EMPTY_BODY = YES;
				CLANG_WARN_ENUM_CONVERSION = YES;
				CLANG_WARN_INFINITE_RECURSION = YES;
				CLANG_WARN_INT_CONVERSION = YES;
				CLANG_WARN_NON_LITERAL_NULL_CONVERSION = YES;
				CLANG_WARN_OBJC_IMPLICIT_RETAIN_SELF = YES;
				CLANG_WARN_OBJC_LITERAL_CONVERSION = YES;
				CLANG_WARN_OBJC_ROOT_CLASS = YES_ERROR;
				CLANG_WARN_RANGE_LOOP_ANALYSIS = YES;
				CLANG_WARN_STRICT_PROTOTYPES = YES;
				CLANG_WARN_SUSPICIOUS_MOVE = YES;
				CLANG_WARN_UNGUARDED_AVAILABILITY = YES_AGGRESSIVE;
				CLANG_WARN_UNREACHABLE_CODE = YES;
				CLANG_WARN__DUPLICATE_METHOD_MATCH = YES;
				COPY_PHASE_STRIP = NO;
				DEBUG_INFORMATION_FORMAT = "dwarf-with-dsym";
				ENABLE_NS_ASSERTIONS = NO;
				ENABLE_STRICT_OBJC_MSGSEND = YES;
				GCC_C_LANGUAGE_STANDARD = gnu11;
				GCC_NO_COMMON_BLOCKS = YES;
				GCC_WARN_64_TO_32_BIT_CONVERSION = YES;
				GCC_WARN_ABOUT_RETURN_TYPE = YES_ERROR;
				GCC_WARN_UNDECLARED_SELECTOR = YES;
				GCC_WARN_UNINITIALIZED_AUTOS = YES_AGGRESSIVE;
				GCC_WARN_UNUSED_FUNCTION = YES;
				GCC_WARN_UNUSED_VARIABLE = YES;
				IPHONEOS_DEPLOYMENT_TARGET = 13.4;
				MTL_ENABLE_DEBUG_INFO = NO;
				MTL_FAST_MATH = YES;
				SDKROOT = iphoneos;
				SWIFT_COMPILATION_MODE = wholemodule;
				SWIFT_OPTIMIZATION_LEVEL = "-O";
				VALIDATE_PRODUCT = YES;
			};
			name = Release;
		};
		C87D6782245C4179004AFE00 /* Debug */ = {
			isa = XCBuildConfiguration;
			buildSettings = {
				ASSETCATALOG_COMPILER_APPICON_NAME = AppIcon;
				CODE_SIGN_STYLE = Automatic;
				INFOPLIST_FILE = Homework_12/Info.plist;
				LD_RUNPATH_SEARCH_PATHS = (
					"$(inherited)",
					"@executable_path/Frameworks",
				);
				PRODUCT_BUNDLE_IDENTIFIER = "TBC.Homework-12";
				PRODUCT_NAME = "$(TARGET_NAME)";
				SWIFT_VERSION = 5.0;
				TARGETED_DEVICE_FAMILY = 1;
			};
			name = Debug;
		};
		C87D6783245C4179004AFE00 /* Release */ = {
			isa = XCBuildConfiguration;
			buildSettings = {
				ASSETCATALOG_COMPILER_APPICON_NAME = AppIcon;
				CODE_SIGN_STYLE = Automatic;
				INFOPLIST_FILE = Homework_12/Info.plist;
				LD_RUNPATH_SEARCH_PATHS = (
					"$(inherited)",
					"@executable_path/Frameworks",
				);
				PRODUCT_BUNDLE_IDENTIFIER = "TBC.Homework-12";
				PRODUCT_NAME = "$(TARGET_NAME)";
				SWIFT_VERSION = 5.0;
				TARGETED_DEVICE_FAMILY = 1;
			};
			name = Release;
		};
/* End XCBuildConfiguration section */

/* Begin XCConfigurationList section */
		C87D6768245C4177004AFE00 /* Build configuration list for PBXProject "Homework_12" */ = {
			isa = XCConfigurationList;
			buildConfigurations = (
				C87D677F245C4179004AFE00 /* Debug */,
				C87D6780245C4179004AFE00 /* Release */,
			);
			defaultConfigurationIsVisible = 0;
			defaultConfigurationName = Release;
		};
		C87D6781245C4179004AFE00 /* Build configuration list for PBXNativeTarget "Homework_12" */ = {
			isa = XCConfigurationList;
			buildConfigurations = (
				C87D6782245C4179004AFE00 /* Debug */,
				C87D6783245C4179004AFE00 /* Release */,
			);
			defaultConfigurationIsVisible = 0;
			defaultConfigurationName = Release;
		};
/* End XCConfigurationList section */
	};
	rootObject = C87D6765245C4177004AFE00 /* Project object */;
}
