// !$*UTF8*$!
{
	archiveVersion = 1;
	classes = {
	};
	objectVersion = 50;
	objects = {

/* Begin PBXBuildFile section */
		C8DC30D1248661160058B11E /* AppDelegate.swift in Sources */ = {isa = PBXBuildFile; fileRef = C8DC30D0248661160058B11E /* AppDelegate.swift */; };
		C8DC30D3248661160058B11E /* SceneDelegate.swift in Sources */ = {isa = PBXBuildFile; fileRef = C8DC30D2248661160058B11E /* SceneDelegate.swift */; };
		C8DC30D5248661160058B11E /* ViewController.swift in Sources */ = {isa = PBXBuildFile; fileRef = C8DC30D4248661160058B11E /* ViewController.swift */; };
		C8DC30D8248661160058B11E /* Main.storyboard in Resources */ = {isa = PBXBuildFile; fileRef = C8DC30D6248661160058B11E /* Main.storyboard */; };
		C8DC30DB248661160058B11E /* TaskNotes.xcdatamodeld in Sources */ = {isa = PBXBuildFile; fileRef = C8DC30D9248661160058B11E /* TaskNotes.xcdatamodeld */; };
		C8DC30DD248661180058B11E /* Assets.xcassets in Resources */ = {isa = PBXBuildFile; fileRef = C8DC30DC248661180058B11E /* Assets.xcassets */; };
		C8DC30E0248661180058B11E /* LaunchScreen.storyboard in Resources */ = {isa = PBXBuildFile; fileRef = C8DC30DE248661180058B11E /* LaunchScreen.storyboard */; };
		C8DC30E8248664B90058B11E /* NewTaskVC.swift in Sources */ = {isa = PBXBuildFile; fileRef = C8DC30E7248664B90058B11E /* NewTaskVC.swift */; };
		C8DC30EC248675CD0058B11E /* Task.swift in Sources */ = {isa = PBXBuildFile; fileRef = C8DC30EB248675CD0058B11E /* Task.swift */; };
		C8DC30EE248678730058B11E /* TaskCell.swift in Sources */ = {isa = PBXBuildFile; fileRef = C8DC30ED248678730058B11E /* TaskCell.swift */; };
/* End PBXBuildFile section */

/* Begin PBXFileReference section */
		C8DC30CD248661160058B11E /* TaskNotes.app */ = {isa = PBXFileReference; explicitFileType = wrapper.application; includeInIndex = 0; path = TaskNotes.app; sourceTree = BUILT_PRODUCTS_DIR; };
		C8DC30D0248661160058B11E /* AppDelegate.swift */ = {isa = PBXFileReference; lastKnownFileType = sourcecode.swift; path = AppDelegate.swift; sourceTree = "<group>"; };
		C8DC30D2248661160058B11E /* SceneDelegate.swift */ = {isa = PBXFileReference; lastKnownFileType = sourcecode.swift; path = SceneDelegate.swift; sourceTree = "<group>"; };
		C8DC30D4248661160058B11E /* ViewController.swift */ = {isa = PBXFileReference; lastKnownFileType = sourcecode.swift; path = ViewController.swift; sourceTree = "<group>"; };
		C8DC30D7248661160058B11E /* Base */ = {isa = PBXFileReference; lastKnownFileType = file.storyboard; name = Base; path = Base.lproj/Main.storyboard; sourceTree = "<group>"; };
		C8DC30DA248661160058B11E /* TaskNotes.xcdatamodel */ = {isa = PBXFileReference; lastKnownFileType = wrapper.xcdatamodel; path = TaskNotes.xcdatamodel; sourceTree = "<group>"; };
		C8DC30DC248661180058B11E /* Assets.xcassets */ = {isa = PBXFileReference; lastKnownFileType = folder.assetcatalog; path = Assets.xcassets; sourceTree = "<group>"; };
		C8DC30DF248661180058B11E /* Base */ = {isa = PBXFileReference; lastKnownFileType = file.storyboard; name = Base; path = Base.lproj/LaunchScreen.storyboard; sourceTree = "<group>"; };
		C8DC30E1248661180058B11E /* Info.plist */ = {isa = PBXFileReference; lastKnownFileType = text.plist.xml; path = Info.plist; sourceTree = "<group>"; };
		C8DC30E7248664B90058B11E /* NewTaskVC.swift */ = {isa = PBXFileReference; lastKnownFileType = sourcecode.swift; path = NewTaskVC.swift; sourceTree = "<group>"; };
		C8DC30EB248675CD0058B11E /* Task.swift */ = {isa = PBXFileReference; lastKnownFileType = sourcecode.swift; path = Task.swift; sourceTree = "<group>"; };
		C8DC30ED248678730058B11E /* TaskCell.swift */ = {isa = PBXFileReference; lastKnownFileType = sourcecode.swift; path = TaskCell.swift; sourceTree = "<group>"; };
/* End PBXFileReference section */

/* Begin PBXFrameworksBuildPhase section */
		C8DC30CA248661160058B11E /* Frameworks */ = {
			isa = PBXFrameworksBuildPhase;
			buildActionMask = 2147483647;
			files = (
			);
			runOnlyForDeploymentPostprocessing = 0;
		};
/* End PBXFrameworksBuildPhase section */

/* Begin PBXGroup section */
		C8DC30C4248661160058B11E = {
			isa = PBXGroup;
			children = (
				C8DC30CF248661160058B11E /* TaskNotes */,
				C8DC30CE248661160058B11E /* Products */,
			);
			sourceTree = "<group>";
		};
		C8DC30CE248661160058B11E /* Products */ = {
			isa = PBXGroup;
			children = (
				C8DC30CD248661160058B11E /* TaskNotes.app */,
			);
			name = Products;
			sourceTree = "<group>";
		};
		C8DC30CF248661160058B11E /* TaskNotes */ = {
			isa = PBXGroup;
			children = (
				C8DC30D0248661160058B11E /* AppDelegate.swift */,
				C8DC30D2248661160058B11E /* SceneDelegate.swift */,
				C8DC30D4248661160058B11E /* ViewController.swift */,
				C8DC30D6248661160058B11E /* Main.storyboard */,
				C8DC30DC248661180058B11E /* Assets.xcassets */,
				C8DC30DE248661180058B11E /* LaunchScreen.storyboard */,
				C8DC30E1248661180058B11E /* Info.plist */,
				C8DC30D9248661160058B11E /* TaskNotes.xcdatamodeld */,
				C8DC30E7248664B90058B11E /* NewTaskVC.swift */,
				C8DC30EB248675CD0058B11E /* Task.swift */,
				C8DC30ED248678730058B11E /* TaskCell.swift */,
			);
			path = TaskNotes;
			sourceTree = "<group>";
		};
/* End PBXGroup section */

/* Begin PBXNativeTarget section */
		C8DC30CC248661160058B11E /* TaskNotes */ = {
			isa = PBXNativeTarget;
			buildConfigurationList = C8DC30E4248661180058B11E /* Build configuration list for PBXNativeTarget "TaskNotes" */;
			buildPhases = (
				C8DC30C9248661160058B11E /* Sources */,
				C8DC30CA248661160058B11E /* Frameworks */,
				C8DC30CB248661160058B11E /* Resources */,
			);
			buildRules = (
			);
			dependencies = (
			);
			name = TaskNotes;
			productName = TaskNotes;
			productReference = C8DC30CD248661160058B11E /* TaskNotes.app */;
			productType = "com.apple.product-type.application";
		};
/* End PBXNativeTarget section */

/* Begin PBXProject section */
		C8DC30C5248661160058B11E /* Project object */ = {
			isa = PBXProject;
			attributes = {
				LastSwiftUpdateCheck = 1150;
				LastUpgradeCheck = 1150;
				ORGANIZATIONNAME = "George Digmelashvili";
				TargetAttributes = {
					C8DC30CC248661160058B11E = {
						CreatedOnToolsVersion = 11.5;
					};
				};
			};
			buildConfigurationList = C8DC30C8248661160058B11E /* Build configuration list for PBXProject "TaskNotes" */;
			compatibilityVersion = "Xcode 9.3";
			developmentRegion = en;
			hasScannedForEncodings = 0;
			knownRegions = (
				en,
				Base,
			);
			mainGroup = C8DC30C4248661160058B11E;
			productRefGroup = C8DC30CE248661160058B11E /* Products */;
			projectDirPath = "";
			projectRoot = "";
			targets = (
				C8DC30CC248661160058B11E /* TaskNotes */,
			);
		};
/* End PBXProject section */

/* Begin PBXResourcesBuildPhase section */
		C8DC30CB248661160058B11E /* Resources */ = {
			isa = PBXResourcesBuildPhase;
			buildActionMask = 2147483647;
			files = (
				C8DC30E0248661180058B11E /* LaunchScreen.storyboard in Resources */,
				C8DC30DD248661180058B11E /* Assets.xcassets in Resources */,
				C8DC30D8248661160058B11E /* Main.storyboard in Resources */,
			);
			runOnlyForDeploymentPostprocessing = 0;
		};
/* End PBXResourcesBuildPhase section */

/* Begin PBXSourcesBuildPhase section */
		C8DC30C9248661160058B11E /* Sources */ = {
			isa = PBXSourcesBuildPhase;
			buildActionMask = 2147483647;
			files = (
				C8DC30D5248661160058B11E /* ViewController.swift in Sources */,
				C8DC30EE248678730058B11E /* TaskCell.swift in Sources */,
				C8DC30D1248661160058B11E /* AppDelegate.swift in Sources */,
				C8DC30E8248664B90058B11E /* NewTaskVC.swift in Sources */,
				C8DC30DB248661160058B11E /* TaskNotes.xcdatamodeld in Sources */,
				C8DC30EC248675CD0058B11E /* Task.swift in Sources */,
				C8DC30D3248661160058B11E /* SceneDelegate.swift in Sources */,
			);
			runOnlyForDeploymentPostprocessing = 0;
		};
/* End PBXSourcesBuildPhase section */

/* Begin PBXVariantGroup section */
		C8DC30D6248661160058B11E /* Main.storyboard */ = {
			isa = PBXVariantGroup;
			children = (
				C8DC30D7248661160058B11E /* Base */,
			);
			name = Main.storyboard;
			sourceTree = "<group>";
		};
		C8DC30DE248661180058B11E /* LaunchScreen.storyboard */ = {
			isa = PBXVariantGroup;
			children = (
				C8DC30DF248661180058B11E /* Base */,
			);
			name = LaunchScreen.storyboard;
			sourceTree = "<group>";
		};
/* End PBXVariantGroup section */

/* Begin XCBuildConfiguration section */
		C8DC30E2248661180058B11E /* Debug */ = {
			isa = XCBuildConfiguration;
			buildSettings = {
				ALWAYS_SEARCH_USER_PATHS = NO;
				CLANG_ANALYZER_NONNULL = YES;
				CLANG_ANALYZER_NUMBER_OBJECT_CONVERSION = YES_AGGRESSIVE;
				CLANG_CXX_LANGUAGE_STANDARD = "gnu++14";
				CLANG_CXX_LIBRARY = "libc++";
				CLANG_ENABLE_MODULES = YES;
				CLANG_ENABLE_OBJC_ARC = YES;
				CLANG_ENABLE_OBJC_WEAK = YES;
				CLANG_WARN_BLOCK_CAPTURE_AUTORELEASING = YES;
				CLANG_WARN_BOOL_CONVERSION = YES;
				CLANG_WARN_COMMA = YES;
				CLANG_WARN_CONSTANT_CONVERSION = YES;
				CLANG_WARN_DEPRECATED_OBJC_IMPLEMENTATIONS = YES;
				CLANG_WARN_DIRECT_OBJC_ISA_USAGE = YES_ERROR;
				CLANG_WARN_DOCUMENTATION_COMMENTS = YES;
				CLANG_WARN_EMPTY_BODY = YES;
				CLANG_WARN_ENUM_CONVERSION = YES;
				CLANG_WARN_INFINITE_RECURSION = YES;
				CLANG_WARN_INT_CONVERSION = YES;
				CLANG_WARN_NON_LITERAL_NULL_CONVERSION = YES;
				CLANG_WARN_OBJC_IMPLICIT_RETAIN_SELF = YES;
				CLANG_WARN_OBJC_LITERAL_CONVERSION = YES;
				CLANG_WARN_OBJC_ROOT_CLASS = YES_ERROR;
				CLANG_WARN_RANGE_LOOP_ANALYSIS = YES;
				CLANG_WARN_STRICT_PROTOTYPES = YES;
				CLANG_WARN_SUSPICIOUS_MOVE = YES;
				CLANG_WARN_UNGUARDED_AVAILABILITY = YES_AGGRESSIVE;
				CLANG_WARN_UNREACHABLE_CODE = YES;
				CLANG_WARN__DUPLICATE_METHOD_MATCH = YES;
				COPY_PHASE_STRIP = NO;
				DEBUG_INFORMATION_FORMAT = dwarf;
				ENABLE_STRICT_OBJC_MSGSEND = YES;
				ENABLE_TESTABILITY = YES;
				GCC_C_LANGUAGE_STANDARD = gnu11;
				GCC_DYNAMIC_NO_PIC = NO;
				GCC_NO_COMMON_BLOCKS = YES;
				GCC_OPTIMIZATION_LEVEL = 0;
				GCC_PREPROCESSOR_DEFINITIONS = (
					"DEBUG=1",
					"$(inherited)",
				);
				GCC_WARN_64_TO_32_BIT_CONVERSION = YES;
				GCC_WARN_ABOUT_RETURN_TYPE = YES_ERROR;
				GCC_WARN_UNDECLARED_SELECTOR = YES;
				GCC_WARN_UNINITIALIZED_AUTOS = YES_AGGRESSIVE;
				GCC_WARN_UNUSED_FUNCTION = YES;
				GCC_WARN_UNUSED_VARIABLE = YES;
				IPHONEOS_DEPLOYMENT_TARGET = 13.5;
				MTL_ENABLE_DEBUG_INFO = INCLUDE_SOURCE;
				MTL_FAST_MATH = YES;
				ONLY_ACTIVE_ARCH = YES;
				SDKROOT = iphoneos;
				SWIFT_ACTIVE_COMPILATION_CONDITIONS = DEBUG;
				SWIFT_OPTIMIZATION_LEVEL = "-Onone";
			};
			name = Debug;
		};
		C8DC30E3248661180058B11E /* Release */ = {
			isa = XCBuildConfiguration;
			buildSettings = {
				ALWAYS_SEARCH_USER_PATHS = NO;
				CLANG_ANALYZER_NONNULL = YES;
				CLANG_ANALYZER_NUMBER_OBJECT_CONVERSION = YES_AGGRESSIVE;
				CLANG_CXX_LANGUAGE_STANDARD = "gnu++14";
				CLANG_CXX_LIBRARY = "libc++";
				CLANG_ENABLE_MODULES = YES;
				CLANG_ENABLE_OBJC_ARC = YES;
				CLANG_ENABLE_OBJC_WEAK = YES;
				CLANG_WARN_BLOCK_CAPTURE_AUTORELEASING = YES;
				CLANG_WARN_BOOL_CONVERSION = YES;
				CLANG_WARN_COMMA = YES;
				CLANG_WARN_CONSTANT_CONVERSION = YES;
				CLANG_WARN_DEPRECATED_OBJC_IMPLEMENTATIONS = YES;
				CLANG_WARN_DIRECT_OBJC_ISA_USAGE = YES_ERROR;
				CLANG_WARN_DOCUMENTATION_COMMENTS = YES;
				CLANG_WARN_EMPTY_BODY = YES;
				CLANG_WARN_ENUM_CONVERSION = YES;
				CLANG_WARN_INFINITE_RECURSION = YES;
				CLANG_WARN_INT_CONVERSION = YES;
				CLANG_WARN_NON_LITERAL_NULL_CONVERSION = YES;
				CLANG_WARN_OBJC_IMPLICIT_RETAIN_SELF = YES;
				CLANG_WARN_OBJC_LITERAL_CONVERSION = YES;
				CLANG_WARN_OBJC_ROOT_CLASS = YES_ERROR;
				CLANG_WARN_RANGE_LOOP_ANALYSIS = YES;
				CLANG_WARN_STRICT_PROTOTYPES = YES;
				CLANG_WARN_SUSPICIOUS_MOVE = YES;
				CLANG_WARN_UNGUARDED_AVAILABILITY = YES_AGGRESSIVE;
				CLANG_WARN_UNREACHABLE_CODE = YES;
				CLANG_WARN__DUPLICATE_METHOD_MATCH = YES;
				COPY_PHASE_STRIP = NO;
				DEBUG_INFORMATION_FORMAT = "dwarf-with-dsym";
				ENABLE_NS_ASSERTIONS = NO;
				ENABLE_STRICT_OBJC_MSGSEND = YES;
				GCC_C_LANGUAGE_STANDARD = gnu11;
				GCC_NO_COMMON_BLOCKS = YES;
				GCC_WARN_64_TO_32_BIT_CONVERSION = YES;
				GCC_WARN_ABOUT_RETURN_TYPE = YES_ERROR;
				GCC_WARN_UNDECLARED_SELECTOR = YES;
				GCC_WARN_UNINITIALIZED_AUTOS = YES_AGGRESSIVE;
				GCC_WARN_UNUSED_FUNCTION = YES;
				GCC_WARN_UNUSED_VARIABLE = YES;
				IPHONEOS_DEPLOYMENT_TARGET = 13.5;
				MTL_ENABLE_DEBUG_INFO = NO;
				MTL_FAST_MATH = YES;
				SDKROOT = iphoneos;
				SWIFT_COMPILATION_MODE = wholemodule;
				SWIFT_OPTIMIZATION_LEVEL = "-O";
				VALIDATE_PRODUCT = YES;
			};
			name = Release;
		};
		C8DC30E5248661180058B11E /* Debug */ = {
			isa = XCBuildConfiguration;
			buildSettings = {
				ASSETCATALOG_COMPILER_APPICON_NAME = AppIcon;
				CODE_SIGN_STYLE = Automatic;
				INFOPLIST_FILE = TaskNotes/Info.plist;
				IPHONEOS_DEPLOYMENT_TARGET = 13.2;
				LD_RUNPATH_SEARCH_PATHS = (
					"$(inherited)",
					"@executable_path/Frameworks",
				);
				PRODUCT_BUNDLE_IDENTIFIER = TBC.TaskNotes;
				PRODUCT_NAME = "$(TARGET_NAME)";
				SWIFT_VERSION = 5.0;
				TARGETED_DEVICE_FAMILY = 1;
			};
			name = Debug;
		};
		C8DC30E6248661180058B11E /* Release */ = {
			isa = XCBuildConfiguration;
			buildSettings = {
				ASSETCATALOG_COMPILER_APPICON_NAME = AppIcon;
				CODE_SIGN_STYLE = Automatic;
				INFOPLIST_FILE = TaskNotes/Info.plist;
				IPHONEOS_DEPLOYMENT_TARGET = 13.2;
				LD_RUNPATH_SEARCH_PATHS = (
					"$(inherited)",
					"@executable_path/Frameworks",
				);
				PRODUCT_BUNDLE_IDENTIFIER = TBC.TaskNotes;
				PRODUCT_NAME = "$(TARGET_NAME)";
				SWIFT_VERSION = 5.0;
				TARGETED_DEVICE_FAMILY = 1;
			};
			name = Release;
		};
/* End XCBuildConfiguration section */

/* Begin XCConfigurationList section */
		C8DC30C8248661160058B11E /* Build configuration list for PBXProject "TaskNotes" */ = {
			isa = XCConfigurationList;
			buildConfigurations = (
				C8DC30E2248661180058B11E /* Debug */,
				C8DC30E3248661180058B11E /* Release */,
			);
			defaultConfigurationIsVisible = 0;
			defaultConfigurationName = Release;
		};
		C8DC30E4248661180058B11E /* Build configuration list for PBXNativeTarget "TaskNotes" */ = {
			isa = XCConfigurationList;
			buildConfigurations = (
				C8DC30E5248661180058B11E /* Debug */,
				C8DC30E6248661180058B11E /* Release */,
			);
			defaultConfigurationIsVisible = 0;
			defaultConfigurationName = Release;
		};
/* End XCConfigurationList section */

/* Begin XCVersionGroup section */
		C8DC30D9248661160058B11E /* TaskNotes.xcdatamodeld */ = {
			isa = XCVersionGroup;
			children = (
				C8DC30DA248661160058B11E /* TaskNotes.xcdatamodel */,
			);
			currentVersion = C8DC30DA248661160058B11E /* TaskNotes.xcdatamodel */;
			path = TaskNotes.xcdatamodeld;
			sourceTree = "<group>";
			versionGroupType = wrapper.xcdatamodel;
		};
/* End XCVersionGroup section */
	};
	rootObject = C8DC30C5248661160058B11E /* Project object */;
}
